// !$*UTF8*$!
{
	archiveVersion = 1;
	classes = {
	};
	objectVersion = 100;
	objects = {

/* Begin PBXBuildFile section */
		0B487987304107D0001CB276 /* Propofol in Frameworks */ = {isa = PBXBuildFile; productRef = 7B0000000000000000000002 /* Propofol */; };
		0B487988304107D0001CB276 /* TiptoeGitHub in Frameworks */ = {isa = PBXBuildFile; productRef = 7A0000000000000000000002 /* TiptoeGitHub */; };
		0BAA000000000000000D0002 /* SevofluraneDaemon in CopyFiles */ = {isa = PBXBuildFile; fileRef = 0BAA000000000000000D0001 /* SevofluraneDaemon */; settings = {ATTRIBUTES = (CodeSignOnCopy, ); }; };
		0BAA000000000000000E000C /* SevofluraneThumbnail.appex in Embed Foundation Extensions */ = {isa = PBXBuildFile; fileRef = 0BAA000000000000000E0001 /* SevofluraneThumbnail.appex */; settings = {ATTRIBUTES = (RemoveHeadersOnCopy, ); }; };
/* End PBXBuildFile section */

/* Begin PBXContainerItemProxy section */
		0B33EFE830290E6100182A68 /* PBXContainerItemProxy */ = {
			isa = PBXContainerItemProxy;
			containerPortal = 0B33EFD230290E5E00182A68 /* Project object */;
			proxyType = 1;
			remoteGlobalIDString = 0B33EFD930290E5E00182A68;
			remoteInfo = Sevoflurane;
		};
		0BAA000000000000000D000F /* PBXContainerItemProxy */ = {
			isa = PBXContainerItemProxy;
			containerPortal = 0B33EFD230290E5E00182A68 /* Project object */;
			proxyType = 1;
			remoteGlobalIDString = 0BAA000000000000000D0007;
			remoteInfo = SevofluraneDaemon;
		};
		0BAA000000000000000E000E /* PBXContainerItemProxy */ = {
			isa = PBXContainerItemProxy;
			containerPortal = 0B33EFD230290E5E00182A68 /* Project object */;
			proxyType = 1;
			remoteGlobalIDString = 0BAA000000000000000E0002;
			remoteInfo = SevofluraneThumbnail;
		};
/* End PBXContainerItemProxy section */

/* Begin PBXCopyFilesBuildPhase section */
		0BAA000000000000000D0003 /* CopyFiles */ = {
			isa = PBXCopyFilesBuildPhase;
			buildActionMask = 2147483647;
			dstPath = Contents/Library/LaunchAgents;
			dstSubfolderSpec = 1;
			files = (
				0BAA000000000000000D0002 /* SevofluraneDaemon in CopyFiles */,
			);
			runOnlyForDeploymentPostprocessing = 0;
		};
		0BAA000000000000000E000B /* Embed Foundation Extensions */ = {
			isa = PBXCopyFilesBuildPhase;
			buildActionMask = 2147483647;
			dstPath = "";
			dstSubfolderSpec = 13;
			files = (
				0BAA000000000000000E000C /* SevofluraneThumbnail.appex in Embed Foundation Extensions */,
			);
			name = "Embed Foundation Extensions";
			runOnlyForDeploymentPostprocessing = 0;
		};
/* End PBXCopyFilesBuildPhase section */

/* Begin PBXFileReference section */
		0B33EFDA30290E5E00182A68 /* Sevoflurane.app */ = {isa = PBXFileReference; explicitFileType = wrapper.application; includeInIndex = 0; path = Sevoflurane.app; sourceTree = BUILT_PRODUCTS_DIR; };
		0B33EFE730290E6100182A68 /* SevofluraneTests.xctest */ = {isa = PBXFileReference; explicitFileType = wrapper.cfbundle; includeInIndex = 0; path = SevofluraneTests.xctest; sourceTree = BUILT_PRODUCTS_DIR; };
		0BAA000000000000000D0001 /* SevofluraneDaemon */ = {isa = PBXFileReference; explicitFileType = "compiled.mach-o.executable"; includeInIndex = 0; path = SevofluraneDaemon; sourceTree = BUILT_PRODUCTS_DIR; };
		0BAA000000000000000E0001 /* SevofluraneThumbnail.appex */ = {isa = PBXFileReference; explicitFileType = "wrapper.app-extension"; includeInIndex = 0; path = SevofluraneThumbnail.appex; sourceTree = BUILT_PRODUCTS_DIR; };
/* End PBXFileReference section */

/* Begin PBXFileSystemSynchronizedBuildFileExceptionSet section */
		0BAA000000000000000A0001 /* Exceptions for "Sevoflurane" folder in "Sevoflurane" target */ = {
			isa = PBXFileSystemSynchronizedBuildFileExceptionSet;
			membershipExceptions = (
				Info.plist,
			);
			target = 0B33EFD930290E5E00182A68 /* Sevoflurane */;
		};
		0BAA000000000000000D0006 /* Exceptions for "Sevoflurane" folder in "SevofluraneDaemon" target */ = {
			isa = PBXFileSystemSynchronizedBuildFileExceptionSet;
			membershipExceptions = (
				App/AboutSettings.swift,
				App/AboutWindow.swift,
				App/ActivationPolicy.swift,
				App/AdoptionPanel.swift,
				App/AppDelegate.swift,
				App/AppLinkServer.swift,
				App/ClientSupervisor.swift,
				App/CompatibilityEnvironment.swift,
				App/CompatibilityStore.swift,
				App/CrashPrompt.swift,
				App/DaemonService.swift,
				App/DebugModeSwitch.swift,
				App/Demo/DemoCompatibilityEnvironment.swift,
				App/Demo/DemoEngineEnvironment.swift,
				App/Demo/DemoGraphicsEnvironment.swift,
				App/Demo/DemoMode.swift,
				App/Demo/DemoStorageEnvironment.swift,
				App/DesignSystem.swift,
				App/DiagnosticsFace.swift,
				App/DLLNameField.swift,
				App/DiagnosticsArchive.swift,
				App/DiagnosticsSettings.swift,
				App/EngineEnvironment.swift,
				App/EngineSettings.swift,
				App/EngineStore.swift,
				App/ExceptionWatch.swift,
				App/FooterBar.swift,
				App/Gallery/GalleryView.swift,
				App/Gallery/GalleryWindow.swift,
				App/GameLaunchWatch.swift,
				App/GameScreen.swift,
				App/GameWindow.swift,
				App/GamesSettings.swift,
				App/GeneralSettings.swift,
				App/GraphicsEnvironment.swift,
				App/GraphicsSettings.swift,
				App/GraphicsStore.swift,
				App/MenuBarIcon.swift,
				App/MenuBarPopover.swift,
				App/MenuBarView.swift,
				App/ProcessMonitorWindow.swift,
				App/QuickLaunchStore.swift,
				App/RendererPicker.swift,
				App/SharedRunPreview.swift,
				App/RepairSettings.swift,
				App/ReportWindow.swift,
				App/SettingsNavigation.swift,
				App/SettingHelpViews.swift,
				App/SettingRows.swift,
				App/SettingsStore.swift,
				App/SettingsView.swift,
				App/SettingsWindow.swift,
				App/SetupWindow.swift,
				App/SevofluraneMainMenu.swift,
				App/ShaderStore.swift,
				App/SilentUpdates.swift,
				App/StallWatch.swift,
				App/SteamNotifications.swift,
				App/StorageBreakdown.swift,
				App/StorageCapacityViews.swift,
				App/StorageEnvironment.swift,
				App/StorageSettings.swift,
				App/StorageStore.swift,
				App/Theme.swift,
				App/TuningParametersFields.swift,
				App/UpscalerPickers.swift,
				App/main.swift,
				Assets.xcassets,
				Bridge/BridgeJS.swift,
				Bridge/LoopbackAssets.swift,
				"Bridge/SteamBridge+HTTP.swift",
				Bridge/SteamBridge.swift,
				Bridge/WebProxy.swift,
				Bridge/WebSocketServer.swift,
				Bridge/steamclient_shim.js,
				Info.plist,
				Resources/Agent/SKILL.md,
				Resources/Licenses/license-anime4k.txt,
				Resources/Licenses/license-apache-2.0.txt,
				Resources/Licenses/license-applegamingwiki.txt,
				Resources/Licenses/license-appupdater.txt,
				Resources/Licenses/license-areweanticheatyet.txt,
				Resources/Licenses/license-cunny.txt,
				Resources/Licenses/license-d3dmetal.txt,
				Resources/Licenses/license-dxmt.txt,
				Resources/Licenses/license-dxvk.txt,
				Resources/Licenses/license-liberation-fonts.txt,
				Resources/Licenses/license-moltenvk.txt,
				Resources/Licenses/license-nwjs.txt,
				Resources/Licenses/license-propofol.txt,
				Resources/Licenses/license-protondb.txt,
				Resources/Licenses/license-swift-argument-parser.txt,
				Resources/Licenses/license-tiptoe.txt,
				Resources/Licenses/license-version.txt,
				Resources/Licenses/license-wine.txt,
				Resources/nwjs/greenworks.js,
				Resources/nwjs/preload.js,
				Resources/sevoflurane-license.txt,
				Setup/EngineFilePanel.swift,
				Setup/GPTkDownload.swift,
				Setup/GPTkDownloadPanel.swift,
				Setup/GPTkFolderWatch.swift,
				Setup/SetupDryRun.swift,
				Setup/SetupScaffold.swift,
				Setup/SetupSteps.swift,
				Setup/SetupView.swift,
				Sevoflurane.icon,
				Support/AgentIntegration.swift,
				Support/MainQueueLatencyProbe.swift,
				Support/MainThreadHop.swift,
				Support/MenuTrackingWatchdog.swift,
				Support/SteamScreenSpace.swift,
				Support/SyntheticLoad.swift,
				Support/WineChronicle.swift,
				Web/BrowserViewChild.swift,
				Web/PopupSparing.swift,
				Web/SteamCompatBadge.swift,
				Web/SteamDesktopChrome.swift,
				Web/SteamMenuMirror.swift,
				Web/SteamModalOverlay.swift,
				Web/SteamWebCoordinator.swift,
				"Web/SteamWebHost+Benchmark.swift",
				"Web/SteamWebHost+Energy.swift",
				"Web/SteamWebHost+Friends.swift",
				"Web/SteamWebHost+Inventory.swift",
				"Web/SteamWebHost+Launches.swift",
				"Web/SteamWebHost+Library.swift",
				"Web/SteamWebHost+MenuDismissal.swift",
				"Web/SteamWebHost+Overlay.swift",
				"Web/SteamWebHost+Popups.swift",
				Web/SteamWebHost.swift,
				"Web/SteamWindow+Chrome.swift",
				"Web/SteamWindow+Geometry.swift",
				Web/SteamWindow.swift,
				Web/SteamWindowHover.swift,
				Web/SteamWindowRole.swift,
				Web/SteamWindowViews.swift,
				Web/UnaskedChatPolicy.swift,
				Web/WebSessionCookies.swift,
			);
			target = 0BAA000000000000000D0007 /* SevofluraneDaemon */;
		};
		0BAA000000000000000E000F /* Exceptions for "SevofluraneThumbnail" folder in "SevofluraneThumbnail" target */ = {
			isa = PBXFileSystemSynchronizedBuildFileExceptionSet;
			membershipExceptions = (
				Info.plist,
				SevofluraneThumbnail.entitlements,
			);
			target = 0BAA000000000000000E0002 /* SevofluraneThumbnail */;
		};
		0BAA000000000000000E0010 /* Exceptions for "SevofluraneTests" folder in "SevofluraneTests" target */ = {
			isa = PBXFileSystemSynchronizedBuildFileExceptionSet;
			membershipExceptions = (
				Fixtures,
			);
			target = 0B33EFE630290E6100182A68 /* SevofluraneTests */;
		};
/* End PBXFileSystemSynchronizedBuildFileExceptionSet section */

/* Begin PBXFileSystemSynchronizedGroupBuildPhaseMembershipExceptionSet section */
		0BAA000000000000000D0004 /* Exceptions for "SevofluraneDaemon" folder in "Copy Files" phase from "Sevoflurane" target */ = {
			isa = PBXFileSystemSynchronizedGroupBuildPhaseMembershipExceptionSet;
			buildPhase = 0BAA000000000000000D0003 /* CopyFiles */;
			membershipExceptions = (
				SevofluraneDaemon.plist,
			);
		};
/* End PBXFileSystemSynchronizedGroupBuildPhaseMembershipExceptionSet section */

/* Begin PBXFileSystemSynchronizedRootGroup section */
		0B33EFDC30290E5E00182A68 /* Sevoflurane */ = {
			isa = PBXFileSystemSynchronizedRootGroup;
			exceptions = (
				0BAA000000000000000A0001 /* Exceptions for "Sevoflurane" folder in "Sevoflurane" target */,
				0BAA000000000000000D0006 /* Exceptions for "Sevoflurane" folder in "SevofluraneDaemon" target */,
			);
			path = Sevoflurane;
			sourceTree = "<group>";
		};
		0B33EFEA30290E6100182A68 /* SevofluraneTests */ = {
			isa = PBXFileSystemSynchronizedRootGroup;
			exceptions = (
				0BAA000000000000000E0010 /* Exceptions for "SevofluraneTests" folder in "SevofluraneTests" target */,
			);
			path = SevofluraneTests;
			sourceTree = "<group>";
		};
		0BAA000000000000000D0005 /* SevofluraneDaemon */ = {
			isa = PBXFileSystemSynchronizedRootGroup;
			exceptions = (
				0BAA000000000000000D0004 /* Exceptions for "SevofluraneDaemon" folder in "Copy Files" phase from "Sevoflurane" target */,
			);
			path = SevofluraneDaemon;
			sourceTree = "<group>";
		};
		0BAA000000000000000E0003 /* SevofluraneThumbnail */ = {
			isa = PBXFileSystemSynchronizedRootGroup;
			exceptions = (
				0BAA000000000000000E000F /* Exceptions for "SevofluraneThumbnail" folder in "SevofluraneThumbnail" target */,
			);
			path = SevofluraneThumbnail;
			sourceTree = "<group>";
		};
		0BAA000000000000000E0004 /* Shared */ = {
			isa = PBXFileSystemSynchronizedRootGroup;
			path = Shared;
			sourceTree = "<group>";
		};
/* End PBXFileSystemSynchronizedRootGroup section */

/* Begin PBXFrameworksBuildPhase section */
		0B33EFD730290E5E00182A68 /* Frameworks */ = {
			isa = PBXFrameworksBuildPhase;
			files = (
				0B487988304107D0001CB276 /* TiptoeGitHub in Frameworks */,
				0B487987304107D0001CB276 /* Propofol in Frameworks */,
			);
		};
		0B33EFE430290E6100182A68 /* Frameworks */ = {
			isa = PBXFrameworksBuildPhase;
			files = (
			);
		};
		0BAA000000000000000D000A /* Frameworks */ = {
			isa = PBXFrameworksBuildPhase;
			files = (
			);
		};
		0BAA000000000000000E0006 /* Frameworks */ = {
			isa = PBXFrameworksBuildPhase;
			files = (
			);
		};
/* End PBXFrameworksBuildPhase section */

/* Begin PBXGroup section */
		0B33EFD130290E5E00182A68 = {
			isa = PBXGroup;
			children = (
				0B33EFDC30290E5E00182A68 /* Sevoflurane */,
				0BAA000000000000000D0005 /* SevofluraneDaemon */,
				0BAA000000000000000E0003 /* SevofluraneThumbnail */,
				0B33EFEA30290E6100182A68 /* SevofluraneTests */,
				0BAA000000000000000E0004 /* Shared */,
				0B33EFDB30290E5E00182A68 /* Products */,
			);
			sourceTree = "<group>";
		};
		0B33EFDB30290E5E00182A68 /* Products */ = {
			isa = PBXGroup;
			children = (
				0B33EFDA30290E5E00182A68 /* Sevoflurane.app */,
				0BAA000000000000000D0001 /* SevofluraneDaemon */,
				0BAA000000000000000E0001 /* SevofluraneThumbnail.appex */,
				0B33EFE730290E6100182A68 /* SevofluraneTests.xctest */,
			);
			name = Products;
			sourceTree = "<group>";
		};
/* End PBXGroup section */

/* Begin PBXNativeTarget section */
		0B33EFD930290E5E00182A68 /* Sevoflurane */ = {
			isa = PBXNativeTarget;
			buildConfigurationList = 0B33EFFB30290E6100182A68 /* Build configuration list for PBXNativeTarget "Sevoflurane" */;
			buildPhases = (
				0B33EFD630290E5E00182A68 /* Sources */,
				0B33EFD730290E5E00182A68 /* Frameworks */,
				0B33EFD830290E5E00182A68 /* Resources */,
				0BAA000000000000000C0001 /* Build sevo CLI */,
				0BAA000000000000000C0002 /* Embed engine */,
				0BAA000000000000000D0003 /* CopyFiles */,
				0BAA000000000000000E000B /* Embed Foundation Extensions */,
			);
			buildRules = (
			);
			dependencies = (
				0BAA000000000000000D000E /* PBXTargetDependency */,
				0BAA000000000000000E000D /* PBXTargetDependency */,
			);
			fileSystemSynchronizedGroups = (
				0B33EFDC30290E5E00182A68 /* Sevoflurane */,
				0BAA000000000000000E0004 /* Shared */,
			);
			name = Sevoflurane;
			packageProductDependencies = (
				7B0000000000000000000002 /* Propofol */,
				7A0000000000000000000002 /* TiptoeGitHub */,
			);
			productName = Sevoflurane;
			productReference = 0B33EFDA30290E5E00182A68 /* Sevoflurane.app */;
			productType = "com.apple.product-type.application";
		};
		0B33EFE630290E6100182A68 /* SevofluraneTests */ = {
			isa = PBXNativeTarget;
			buildConfigurationList = 0B33EFFE30290E6100182A68 /* Build configuration list for PBXNativeTarget "SevofluraneTests" */;
			buildPhases = (
				0B33EFE330290E6100182A68 /* Sources */,
				0B33EFE430290E6100182A68 /* Frameworks */,
				0B33EFE530290E6100182A68 /* Resources */,
			);
			buildRules = (
			);
			dependencies = (
				0B33EFE930290E6100182A68 /* PBXTargetDependency */,
			);
			fileSystemSynchronizedGroups = (
				0B33EFEA30290E6100182A68 /* SevofluraneTests */,
			);
			name = SevofluraneTests;
			productName = SevofluraneTests;
			productReference = 0B33EFE730290E6100182A68 /* SevofluraneTests.xctest */;
			productType = "com.apple.product-type.bundle.unit-test";
		};
		0BAA000000000000000D0007 /* SevofluraneDaemon */ = {
			isa = PBXNativeTarget;
			buildConfigurationList = 0BAA000000000000000D000D /* Build configuration list for PBXNativeTarget "SevofluraneDaemon" */;
			buildPhases = (
				0BAA000000000000000D0009 /* Sources */,
				0BAA000000000000000D000A /* Frameworks */,
			);
			buildRules = (
			);
			fileSystemSynchronizedGroups = (
				0BAA000000000000000D0005 /* SevofluraneDaemon */,
				0B33EFDC30290E5E00182A68 /* Sevoflurane */,
				0BAA000000000000000E0004 /* Shared */,
			);
			name = SevofluraneDaemon;
			productName = SevofluraneDaemon;
			productReference = 0BAA000000000000000D0001 /* SevofluraneDaemon */;
			productType = "com.apple.product-type.tool";
		};
		0BAA000000000000000E0002 /* SevofluraneThumbnail */ = {
			isa = PBXNativeTarget;
			buildConfigurationList = 0BAA000000000000000E0008 /* Build configuration list for PBXNativeTarget "SevofluraneThumbnail" */;
			buildPhases = (
				0BAA000000000000000E0005 /* Sources */,
				0BAA000000000000000E0006 /* Frameworks */,
				0BAA000000000000000E0007 /* Resources */,
			);
			buildRules = (
			);
			dependencies = (
			);
			fileSystemSynchronizedGroups = (
				0BAA000000000000000E0003 /* SevofluraneThumbnail */,
				0BAA000000000000000E0004 /* Shared */,
			);
			name = SevofluraneThumbnail;
			productName = SevofluraneThumbnail;
			productReference = 0BAA000000000000000E0001 /* SevofluraneThumbnail.appex */;
			productType = "com.apple.product-type.app-extension";
		};
/* End PBXNativeTarget section */

/* Begin PBXProject section */
		0B33EFD230290E5E00182A68 /* Project object */ = {
			isa = PBXProject;
			attributes = {
				BuildIndependentTargetsInParallel = 1;
				LastSwiftUpdateCheck = 2660;
				LastUpgradeCheck = 2660;
				TargetAttributes = {
					0B33EFD930290E5E00182A68 = {
						CreatedOnToolsVersion = 26.6;
					};
					0B33EFE630290E6100182A68 = {
						CreatedOnToolsVersion = 26.6;
						TestTargetID = 0B33EFD930290E5E00182A68;
					};
				};
			};
			buildConfigurationList = 0B33EFD530290E5E00182A68 /* Build configuration list for PBXProject "Sevoflurane" */;
			developmentRegion = en;
			hasScannedForEncodings = 0;
			knownRegions = (
				en,
				Base,
			);
			mainGroup = 0B33EFD130290E5E00182A68;
			minimizedProjectReferenceProxies = 1;
			packageReferences = (
				7A0000000000000000000001 /* XCRemoteSwiftPackageReference "Tiptoe" */,
				7B0000000000000000000001 /* XCRemoteSwiftPackageReference "propofol" */,
			);
			preferredProjectObjectVersion = 100;
			productRefGroup = 0B33EFDB30290E5E00182A68 /* Products */;
			projectDirPath = "";
			projectRoot = "";
			targets = (
				0B33EFD930290E5E00182A68 /* Sevoflurane */,
				0BAA000000000000000D0007 /* SevofluraneDaemon */,
				0BAA000000000000000E0002 /* SevofluraneThumbnail */,
				0B33EFE630290E6100182A68 /* SevofluraneTests */,
			);
		};
/* End PBXProject section */

/* Begin PBXResourcesBuildPhase section */
		0B33EFD830290E5E00182A68 /* Resources */ = {
			isa = PBXResourcesBuildPhase;
			files = (
			);
		};
		0B33EFE530290E6100182A68 /* Resources */ = {
			isa = PBXResourcesBuildPhase;
			files = (
			);
		};
		0BAA000000000000000E0007 /* Resources */ = {
			isa = PBXResourcesBuildPhase;
			files = (
			);
		};
/* End PBXResourcesBuildPhase section */

/* Begin PBXShellScriptBuildPhase section */
		0BAA000000000000000C0001 /* Build sevo CLI */ = {
			isa = PBXShellScriptBuildPhase;
			alwaysOutOfDate = 1;
			inputPaths = (
			);
			name = "Build sevo CLI";
			outputPaths = (
				"$(BUILT_PRODUCTS_DIR)/$(CONTENTS_FOLDER_PATH)/Helpers/sevo",
			);
			shellPath = /bin/zsh;
			shellScript = (
				"set -euo pipefail",
				"if [[ \"$CONFIGURATION\" == \"Release\" ]]; then",
				"  CONF=\"release\"",
				"else",
				"  CONF=\"debug\"",
				"fi",
				"swift build -c \"$CONF\" --package-path \"$SRCROOT\" --product sevo",
				"mkdir -p \"$BUILT_PRODUCTS_DIR/$CONTENTS_FOLDER_PATH/Helpers\"",
				"cp \"$SRCROOT/.build/$CONF/sevo\" \"$BUILT_PRODUCTS_DIR/$CONTENTS_FOLDER_PATH/Helpers/sevo\"",
				"",
			);
		};
		0BAA000000000000000C0002 /* Embed engine */ = {
			isa = PBXShellScriptBuildPhase;
			alwaysOutOfDate = 1;
			inputPaths = (
			);
			name = "Embed engine";
			outputPaths = (
			);
			shellPath = /bin/zsh;
			shellScript = "\"$SRCROOT/Tools/embed-engine.sh\"\n";
		};
/* End PBXShellScriptBuildPhase section */

/* Begin PBXSourcesBuildPhase section */
		0B33EFD630290E5E00182A68 /* Sources */ = {
			isa = PBXSourcesBuildPhase;
			files = (
			);
		};
		0B33EFE330290E6100182A68 /* Sources */ = {
			isa = PBXSourcesBuildPhase;
			files = (
			);
		};
		0BAA000000000000000D0009 /* Sources */ = {
			isa = PBXSourcesBuildPhase;
			files = (
			);
		};
		0BAA000000000000000E0005 /* Sources */ = {
			isa = PBXSourcesBuildPhase;
			files = (
			);
		};
/* End PBXSourcesBuildPhase section */

/* Begin PBXTargetDependency section */
		0B33EFE930290E6100182A68 /* PBXTargetDependency */ = {
			isa = PBXTargetDependency;
			target = 0B33EFD930290E5E00182A68 /* Sevoflurane */;
			targetProxy = 0B33EFE830290E6100182A68 /* PBXContainerItemProxy */;
		};
		0BAA000000000000000D000E /* PBXTargetDependency */ = {
			isa = PBXTargetDependency;
			target = 0BAA000000000000000D0007 /* SevofluraneDaemon */;
			targetProxy = 0BAA000000000000000D000F /* PBXContainerItemProxy */;
		};
		0BAA000000000000000E000D /* PBXTargetDependency */ = {
			isa = PBXTargetDependency;
			target = 0BAA000000000000000E0002 /* SevofluraneThumbnail */;
			targetProxy = 0BAA000000000000000E000E /* PBXContainerItemProxy */;
		};
/* End PBXTargetDependency section */

/* Begin XCBuildConfiguration section */
		0B33EFF930290E6100182A68 /* Debug configuration for PBXProject "Sevoflurane" */ = {
			isa = XCBuildConfiguration;
			buildSettings = {
				ALWAYS_SEARCH_USER_PATHS = NO;
				ASSETCATALOG_COMPILER_GENERATE_SWIFT_ASSET_SYMBOL_EXTENSIONS = YES;
				CLANG_ANALYZER_NONNULL = YES;
				CLANG_ANALYZER_NUMBER_OBJECT_CONVERSION = YES_AGGRESSIVE;
				CLANG_CXX_LANGUAGE_STANDARD = "gnu++20";
				CLANG_ENABLE_MODULES = YES;
				CLANG_ENABLE_OBJC_ARC = YES;
				CLANG_ENABLE_OBJC_WEAK = YES;
				CLANG_WARN_BLOCK_CAPTURE_AUTORELEASING = YES;
				CLANG_WARN_BOOL_CONVERSION = YES;
				CLANG_WARN_COMMA = YES;
				CLANG_WARN_CONSTANT_CONVERSION = YES;
				CLANG_WARN_DEPRECATED_OBJC_IMPLEMENTATIONS = YES;
				CLANG_WARN_DIRECT_OBJC_ISA_USAGE = YES_ERROR;
				CLANG_WARN_DOCUMENTATION_COMMENTS = YES;
				CLANG_WARN_EMPTY_BODY = YES;
				CLANG_WARN_ENUM_CONVERSION = YES;
				CLANG_WARN_INFINITE_RECURSION = YES;
				CLANG_WARN_INT_CONVERSION = YES;
				CLANG_WARN_NON_LITERAL_NULL_CONVERSION = YES;
				CLANG_WARN_OBJC_IMPLICIT_RETAIN_SELF = YES;
				CLANG_WARN_OBJC_LITERAL_CONVERSION = YES;
				CLANG_WARN_OBJC_ROOT_CLASS = YES_ERROR;
				CLANG_WARN_QUOTED_INCLUDE_IN_FRAMEWORK_HEADER = YES;
				CLANG_WARN_RANGE_LOOP_ANALYSIS = YES;
				CLANG_WARN_STRICT_PROTOTYPES = YES;
				CLANG_WARN_SUSPICIOUS_MOVE = YES;
				CLANG_WARN_UNGUARDED_AVAILABILITY = YES_AGGRESSIVE;
				CLANG_WARN_UNREACHABLE_CODE = YES;
				CLANG_WARN__DUPLICATE_METHOD_MATCH = YES;
				COPY_PHASE_STRIP = NO;
				DEBUG_INFORMATION_FORMAT = dwarf;
				DEVELOPMENT_TEAM = 52K336H235;
				ENABLE_STRICT_OBJC_MSGSEND = YES;
				ENABLE_TESTABILITY = YES;
				ENABLE_USER_SCRIPT_SANDBOXING = NO;
				GCC_C_LANGUAGE_STANDARD = gnu17;
				GCC_DYNAMIC_NO_PIC = NO;
				GCC_NO_COMMON_BLOCKS = YES;
				GCC_OPTIMIZATION_LEVEL = 0;
				GCC_PREPROCESSOR_DEFINITIONS = (
					"DEBUG=1",
					"$(inherited)",
				);
				GCC_WARN_64_TO_32_BIT_CONVERSION = YES;
				GCC_WARN_ABOUT_RETURN_TYPE = YES_ERROR;
				GCC_WARN_UNDECLARED_SELECTOR = YES;
				GCC_WARN_UNINITIALIZED_AUTOS = YES_AGGRESSIVE;
				GCC_WARN_UNUSED_FUNCTION = YES;
				GCC_WARN_UNUSED_VARIABLE = YES;
				LOCALIZATION_PREFERS_STRING_CATALOGS = YES;
				MACOSX_DEPLOYMENT_TARGET = 26.0;
				MTL_ENABLE_DEBUG_INFO = INCLUDE_SOURCE;
				MTL_FAST_MATH = YES;
				ONLY_ACTIVE_ARCH = YES;
				SDKROOT = macosx;
				SWIFT_ACTIVE_COMPILATION_CONDITIONS = "DEBUG $(inherited)";
				SWIFT_APPROACHABLE_CONCURRENCY = YES;
				SWIFT_OPTIMIZATION_LEVEL = "-Onone";
				SWIFT_STRICT_CONCURRENCY = complete;
				SWIFT_UPCOMING_FEATURE_CONCISE_MAGIC_FILE = YES;
				SWIFT_UPCOMING_FEATURE_DEPRECATE_APPLICATION_MAIN = YES;
				SWIFT_UPCOMING_FEATURE_DYNAMIC_ACTOR_ISOLATION = YES;
				SWIFT_UPCOMING_FEATURE_EXISTENTIAL_ANY = YES;
				SWIFT_UPCOMING_FEATURE_FORWARD_TRAILING_CLOSURES = YES;
				SWIFT_UPCOMING_FEATURE_GLOBAL_CONCURRENCY = YES;
				SWIFT_UPCOMING_FEATURE_IMPLICIT_OPEN_EXISTENTIALS = YES;
				SWIFT_UPCOMING_FEATURE_IMPORT_OBJC_FORWARD_DECLS = YES;
				SWIFT_UPCOMING_FEATURE_ISOLATED_DEFAULT_VALUES = YES;
				SWIFT_UPCOMING_FEATURE_NONFROZEN_ENUM_EXHAUSTIVITY = YES;
				SWIFT_UPCOMING_FEATURE_REGION_BASED_ISOLATION = YES;
				SWIFT_VERSION = 6.0;
			};
			name = Debug;
		};
		0B33EFFA30290E6100182A68 /* Release configuration for PBXProject "Sevoflurane" */ = {
			isa = XCBuildConfiguration;
			buildSettings = {
				ALWAYS_SEARCH_USER_PATHS = NO;
				ASSETCATALOG_COMPILER_GENERATE_SWIFT_ASSET_SYMBOL_EXTENSIONS = YES;
				CLANG_ANALYZER_NONNULL = YES;
				CLANG_ANALYZER_NUMBER_OBJECT_CONVERSION = YES_AGGRESSIVE;
				CLANG_CXX_LANGUAGE_STANDARD = "gnu++20";
				CLANG_ENABLE_MODULES = YES;
				CLANG_ENABLE_OBJC_ARC = YES;
				CLANG_ENABLE_OBJC_WEAK = YES;
				CLANG_WARN_BLOCK_CAPTURE_AUTORELEASING = YES;
				CLANG_WARN_BOOL_CONVERSION = YES;
				CLANG_WARN_COMMA = YES;
				CLANG_WARN_CONSTANT_CONVERSION = YES;
				CLANG_WARN_DEPRECATED_OBJC_IMPLEMENTATIONS = YES;
				CLANG_WARN_DIRECT_OBJC_ISA_USAGE = YES_ERROR;
				CLANG_WARN_DOCUMENTATION_COMMENTS = YES;
				CLANG_WARN_EMPTY_BODY = YES;
				CLANG_WARN_ENUM_CONVERSION = YES;
				CLANG_WARN_INFINITE_RECURSION = YES;
				CLANG_WARN_INT_CONVERSION = YES;
				CLANG_WARN_NON_LITERAL_NULL_CONVERSION = YES;
				CLANG_WARN_OBJC_IMPLICIT_RETAIN_SELF = YES;
				CLANG_WARN_OBJC_LITERAL_CONVERSION = YES;
				CLANG_WARN_OBJC_ROOT_CLASS = YES_ERROR;
				CLANG_WARN_QUOTED_INCLUDE_IN_FRAMEWORK_HEADER = YES;
				CLANG_WARN_RANGE_LOOP_ANALYSIS = YES;
				CLANG_WARN_STRICT_PROTOTYPES = YES;
				CLANG_WARN_SUSPICIOUS_MOVE = YES;
				CLANG_WARN_UNGUARDED_AVAILABILITY = YES_AGGRESSIVE;
				CLANG_WARN_UNREACHABLE_CODE = YES;
				CLANG_WARN__DUPLICATE_METHOD_MATCH = YES;
				COPY_PHASE_STRIP = NO;
				DEBUG_INFORMATION_FORMAT = "dwarf-with-dsym";
				DEVELOPMENT_TEAM = 52K336H235;
				ENABLE_NS_ASSERTIONS = NO;
				ENABLE_STRICT_OBJC_MSGSEND = YES;
				ENABLE_USER_SCRIPT_SANDBOXING = NO;
				GCC_C_LANGUAGE_STANDARD = gnu17;
				GCC_NO_COMMON_BLOCKS = YES;
				GCC_WARN_64_TO_32_BIT_CONVERSION = YES;
				GCC_WARN_ABOUT_RETURN_TYPE = YES_ERROR;
				GCC_WARN_UNDECLARED_SELECTOR = YES;
				GCC_WARN_UNINITIALIZED_AUTOS = YES_AGGRESSIVE;
				GCC_WARN_UNUSED_FUNCTION = YES;
				GCC_WARN_UNUSED_VARIABLE = YES;
				LOCALIZATION_PREFERS_STRING_CATALOGS = YES;
				MACOSX_DEPLOYMENT_TARGET = 26.0;
				MTL_ENABLE_DEBUG_INFO = NO;
				MTL_FAST_MATH = YES;
				SDKROOT = macosx;
				SWIFT_APPROACHABLE_CONCURRENCY = YES;
				SWIFT_COMPILATION_MODE = wholemodule;
				SWIFT_STRICT_CONCURRENCY = complete;
				SWIFT_UPCOMING_FEATURE_CONCISE_MAGIC_FILE = YES;
				SWIFT_UPCOMING_FEATURE_DEPRECATE_APPLICATION_MAIN = YES;
				SWIFT_UPCOMING_FEATURE_DYNAMIC_ACTOR_ISOLATION = YES;
				SWIFT_UPCOMING_FEATURE_EXISTENTIAL_ANY = YES;
				SWIFT_UPCOMING_FEATURE_FORWARD_TRAILING_CLOSURES = YES;
				SWIFT_UPCOMING_FEATURE_GLOBAL_CONCURRENCY = YES;
				SWIFT_UPCOMING_FEATURE_IMPLICIT_OPEN_EXISTENTIALS = YES;
				SWIFT_UPCOMING_FEATURE_IMPORT_OBJC_FORWARD_DECLS = YES;
				SWIFT_UPCOMING_FEATURE_ISOLATED_DEFAULT_VALUES = YES;
				SWIFT_UPCOMING_FEATURE_NONFROZEN_ENUM_EXHAUSTIVITY = YES;
				SWIFT_UPCOMING_FEATURE_REGION_BASED_ISOLATION = YES;
				SWIFT_VERSION = 6.0;
			};
			name = Release;
		};
		0B33EFFC30290E6100182A68 /* Debug configuration for PBXNativeTarget "Sevoflurane" */ = {
			isa = XCBuildConfiguration;
			buildSettings = {
				ASSETCATALOG_COMPILER_APPICON_NAME = Sevoflurane;
				ASSETCATALOG_COMPILER_GLOBAL_ACCENT_COLOR_NAME = AccentColor;
				CODE_SIGN_STYLE = Automatic;
				COMBINE_HIDPI_IMAGES = YES;
				CURRENT_PROJECT_VERSION = 18;
				DEVELOPMENT_TEAM = 52K336H235;
				ENABLE_APP_SANDBOX = NO;
				ENABLE_HARDENED_RUNTIME = YES;
				ENABLE_PREVIEWS = NO;
				GENERATE_INFOPLIST_FILE = YES;
				INFOPLIST_FILE = Sevoflurane/Info.plist;
				INFOPLIST_KEY_GCSupportsGameMode = NO;
				INFOPLIST_KEY_LSApplicationCategoryType = "public.app-category.games";
				INFOPLIST_KEY_LSUIElement = YES;
				INFOPLIST_KEY_NSHumanReadableCopyright = "";
				LD_RUNPATH_SEARCH_PATHS = (
					"$(inherited)",
					"@executable_path/../Frameworks",
				);
				LM_SKIP_METADATA_EXTRACTION = YES;
				MARKETING_VERSION = 1.13;
				PRODUCT_BUNDLE_IDENTIFIER = glass.kagerou.sevoflurane;
				PRODUCT_NAME = "$(TARGET_NAME)";
				REGISTER_APP_GROUPS = YES;
				STRING_CATALOG_GENERATE_SYMBOLS = YES;
				SWIFT_APPROACHABLE_CONCURRENCY = YES;
				SWIFT_DEFAULT_ACTOR_ISOLATION = MainActor;
				SWIFT_EMIT_LOC_STRINGS = YES;
				SWIFT_UPCOMING_FEATURE_MEMBER_IMPORT_VISIBILITY = YES;
			};
			name = Debug;
		};
		0B33EFFD30290E6100182A68 /* Release configuration for PBXNativeTarget "Sevoflurane" */ = {
			isa = XCBuildConfiguration;
			buildSettings = {
				ASSETCATALOG_COMPILER_APPICON_NAME = Sevoflurane;
				ASSETCATALOG_COMPILER_GLOBAL_ACCENT_COLOR_NAME = AccentColor;
				CODE_SIGN_STYLE = Automatic;
				COMBINE_HIDPI_IMAGES = YES;
				CURRENT_PROJECT_VERSION = 18;
				DEVELOPMENT_TEAM = 52K336H235;
				ENABLE_APP_SANDBOX = NO;
				ENABLE_HARDENED_RUNTIME = YES;
				ENABLE_PREVIEWS = NO;
				GENERATE_INFOPLIST_FILE = YES;
				INFOPLIST_FILE = Sevoflurane/Info.plist;
				INFOPLIST_KEY_GCSupportsGameMode = NO;
				INFOPLIST_KEY_LSApplicationCategoryType = "public.app-category.games";
				INFOPLIST_KEY_LSUIElement = YES;
				INFOPLIST_KEY_NSHumanReadableCopyright = "";
				LD_RUNPATH_SEARCH_PATHS = (
					"$(inherited)",
					"@executable_path/../Frameworks",
				);
				LM_SKIP_METADATA_EXTRACTION = YES;
				MARKETING_VERSION = 1.13;
				PRODUCT_BUNDLE_IDENTIFIER = glass.kagerou.sevoflurane;
				PRODUCT_NAME = "$(TARGET_NAME)";
				REGISTER_APP_GROUPS = YES;
				STRING_CATALOG_GENERATE_SYMBOLS = YES;
				SWIFT_APPROACHABLE_CONCURRENCY = YES;
				SWIFT_DEFAULT_ACTOR_ISOLATION = MainActor;
				SWIFT_EMIT_LOC_STRINGS = YES;
				SWIFT_UPCOMING_FEATURE_MEMBER_IMPORT_VISIBILITY = YES;
			};
			name = Release;
		};
		0B33EFFF30290E6100182A68 /* Debug configuration for PBXNativeTarget "SevofluraneTests" */ = {
			isa = XCBuildConfiguration;
			buildSettings = {
				BUNDLE_LOADER = "$(TEST_HOST)";
				CODE_SIGN_STYLE = Automatic;
				CURRENT_PROJECT_VERSION = 18;
				DEVELOPMENT_TEAM = 52K336H235;
				GENERATE_INFOPLIST_FILE = YES;
				LM_SKIP_METADATA_EXTRACTION = YES;
				MACOSX_DEPLOYMENT_TARGET = 26.0;
				MARKETING_VERSION = 1.13;
				PRODUCT_BUNDLE_IDENTIFIER = glass.kagerou.sevoflurane.tests;
				PRODUCT_NAME = "$(TARGET_NAME)";
				STRING_CATALOG_GENERATE_SYMBOLS = NO;
				SWIFT_APPROACHABLE_CONCURRENCY = YES;
				SWIFT_EMIT_LOC_STRINGS = NO;
				SWIFT_UPCOMING_FEATURE_MEMBER_IMPORT_VISIBILITY = YES;
				TEST_HOST = "$(BUILT_PRODUCTS_DIR)/Sevoflurane.app/$(BUNDLE_EXECUTABLE_FOLDER_PATH)/Sevoflurane";
			};
			name = Debug;
		};
		0B33F00030290E6100182A68 /* Release configuration for PBXNativeTarget "SevofluraneTests" */ = {
			isa = XCBuildConfiguration;
			buildSettings = {
				BUNDLE_LOADER = "$(TEST_HOST)";
				CODE_SIGN_STYLE = Automatic;
				CURRENT_PROJECT_VERSION = 18;
				DEVELOPMENT_TEAM = 52K336H235;
				GENERATE_INFOPLIST_FILE = YES;
				LM_SKIP_METADATA_EXTRACTION = YES;
				MACOSX_DEPLOYMENT_TARGET = 26.0;
				MARKETING_VERSION = 1.13;
				PRODUCT_BUNDLE_IDENTIFIER = glass.kagerou.sevoflurane.tests;
				PRODUCT_NAME = "$(TARGET_NAME)";
				STRING_CATALOG_GENERATE_SYMBOLS = NO;
				SWIFT_APPROACHABLE_CONCURRENCY = YES;
				SWIFT_EMIT_LOC_STRINGS = NO;
				SWIFT_UPCOMING_FEATURE_MEMBER_IMPORT_VISIBILITY = YES;
				TEST_HOST = "$(BUILT_PRODUCTS_DIR)/Sevoflurane.app/$(BUNDLE_EXECUTABLE_FOLDER_PATH)/Sevoflurane";
			};
			name = Release;
		};
		0BAA000000000000000D000B /* Debug configuration for PBXNativeTarget "SevofluraneDaemon" */ = {
			isa = XCBuildConfiguration;
			buildSettings = {
				CODE_SIGN_STYLE = Automatic;
				DEVELOPMENT_TEAM = 52K336H235;
				ENABLE_APP_SANDBOX = NO;
				ENABLE_HARDENED_RUNTIME = YES;
				PRODUCT_BUNDLE_IDENTIFIER = glass.kagerou.sevoflurane.daemon;
				PRODUCT_NAME = "$(TARGET_NAME)";
				SKIP_INSTALL = YES;
				SWIFT_APPROACHABLE_CONCURRENCY = YES;
				SWIFT_DEFAULT_ACTOR_ISOLATION = MainActor;
				SWIFT_UPCOMING_FEATURE_MEMBER_IMPORT_VISIBILITY = YES;
			};
			name = Debug;
		};
		0BAA000000000000000D000C /* Release configuration for PBXNativeTarget "SevofluraneDaemon" */ = {
			isa = XCBuildConfiguration;
			buildSettings = {
				CODE_SIGN_STYLE = Automatic;
				DEVELOPMENT_TEAM = 52K336H235;
				ENABLE_APP_SANDBOX = NO;
				ENABLE_HARDENED_RUNTIME = YES;
				PRODUCT_BUNDLE_IDENTIFIER = glass.kagerou.sevoflurane.daemon;
				PRODUCT_NAME = "$(TARGET_NAME)";
				SKIP_INSTALL = YES;
				SWIFT_APPROACHABLE_CONCURRENCY = YES;
				SWIFT_DEFAULT_ACTOR_ISOLATION = MainActor;
				SWIFT_UPCOMING_FEATURE_MEMBER_IMPORT_VISIBILITY = YES;
			};
			name = Release;
		};
		0BAA000000000000000E0009 /* Debug configuration for PBXNativeTarget "SevofluraneThumbnail" */ = {
			isa = XCBuildConfiguration;
			buildSettings = {
				CODE_SIGN_ENTITLEMENTS = SevofluraneThumbnail/SevofluraneThumbnail.entitlements;
				CODE_SIGN_STYLE = Automatic;
				CURRENT_PROJECT_VERSION = 18;
				DEVELOPMENT_TEAM = 52K336H235;
				ENABLE_HARDENED_RUNTIME = YES;
				GENERATE_INFOPLIST_FILE = YES;
				INFOPLIST_FILE = SevofluraneThumbnail/Info.plist;
				INFOPLIST_KEY_CFBundleDisplayName = "Sevoflurane Thumbnails";
				INFOPLIST_KEY_NSHumanReadableCopyright = "";
				LD_RUNPATH_SEARCH_PATHS = (
					"$(inherited)",
					"@executable_path/../Frameworks",
					"@executable_path/../../../../Frameworks",
				);
				MACOSX_DEPLOYMENT_TARGET = 26.0;
				MARKETING_VERSION = 1.13;
				PRODUCT_BUNDLE_IDENTIFIER = glass.kagerou.sevoflurane.thumbnail.debug;
				PRODUCT_NAME = "$(TARGET_NAME)";
				SKIP_INSTALL = YES;
				SWIFT_APPROACHABLE_CONCURRENCY = YES;
				SWIFT_DEFAULT_ACTOR_ISOLATION = MainActor;
				SWIFT_EMIT_LOC_STRINGS = YES;
				SWIFT_UPCOMING_FEATURE_MEMBER_IMPORT_VISIBILITY = YES;
			};
			name = Debug;
		};
		0BAA000000000000000E000A /* Release configuration for PBXNativeTarget "SevofluraneThumbnail" */ = {
			isa = XCBuildConfiguration;
			buildSettings = {
				CODE_SIGN_ENTITLEMENTS = SevofluraneThumbnail/SevofluraneThumbnail.entitlements;
				CODE_SIGN_STYLE = Automatic;
				CURRENT_PROJECT_VERSION = 18;
				DEVELOPMENT_TEAM = 52K336H235;
				ENABLE_HARDENED_RUNTIME = YES;
				GENERATE_INFOPLIST_FILE = YES;
				INFOPLIST_FILE = SevofluraneThumbnail/Info.plist;
				INFOPLIST_KEY_CFBundleDisplayName = "Sevoflurane Thumbnails";
				INFOPLIST_KEY_NSHumanReadableCopyright = "";
				LD_RUNPATH_SEARCH_PATHS = (
					"$(inherited)",
					"@executable_path/../Frameworks",
					"@executable_path/../../../../Frameworks",
				);
				MACOSX_DEPLOYMENT_TARGET = 26.0;
				MARKETING_VERSION = 1.13;
				PRODUCT_BUNDLE_IDENTIFIER = glass.kagerou.sevoflurane.thumbnail;
				PRODUCT_NAME = "$(TARGET_NAME)";
				SKIP_INSTALL = YES;
				SWIFT_APPROACHABLE_CONCURRENCY = YES;
				SWIFT_DEFAULT_ACTOR_ISOLATION = MainActor;
				SWIFT_EMIT_LOC_STRINGS = YES;
				SWIFT_UPCOMING_FEATURE_MEMBER_IMPORT_VISIBILITY = YES;
			};
			name = Release;
		};
/* End XCBuildConfiguration section */

/* Begin XCConfigurationList section */
		0B33EFD530290E5E00182A68 /* Build configuration list for PBXProject "Sevoflurane" */ = {
			isa = XCConfigurationList;
			buildConfigurations = (
				0B33EFF930290E6100182A68 /* Debug configuration for PBXProject "Sevoflurane" */,
				0B33EFFA30290E6100182A68 /* Release configuration for PBXProject "Sevoflurane" */,
			);
			defaultConfigurationName = Release;
		};
		0B33EFFB30290E6100182A68 /* Build configuration list for PBXNativeTarget "Sevoflurane" */ = {
			isa = XCConfigurationList;
			buildConfigurations = (
				0B33EFFC30290E6100182A68 /* Debug configuration for PBXNativeTarget "Sevoflurane" */,
				0B33EFFD30290E6100182A68 /* Release configuration for PBXNativeTarget "Sevoflurane" */,
			);
			defaultConfigurationName = Release;
		};
		0B33EFFE30290E6100182A68 /* Build configuration list for PBXNativeTarget "SevofluraneTests" */ = {
			isa = XCConfigurationList;
			buildConfigurations = (
				0B33EFFF30290E6100182A68 /* Debug configuration for PBXNativeTarget "SevofluraneTests" */,
				0B33F00030290E6100182A68 /* Release configuration for PBXNativeTarget "SevofluraneTests" */,
			);
			defaultConfigurationName = Release;
		};
		0BAA000000000000000D000D /* Build configuration list for PBXNativeTarget "SevofluraneDaemon" */ = {
			isa = XCConfigurationList;
			buildConfigurations = (
				0BAA000000000000000D000B /* Debug configuration for PBXNativeTarget "SevofluraneDaemon" */,
				0BAA000000000000000D000C /* Release configuration for PBXNativeTarget "SevofluraneDaemon" */,
			);
			defaultConfigurationIsVisible = 0;
			defaultConfigurationName = Release;
		};
		0BAA000000000000000E0008 /* Build configuration list for PBXNativeTarget "SevofluraneThumbnail" */ = {
			isa = XCConfigurationList;
			buildConfigurations = (
				0BAA000000000000000E0009 /* Debug configuration for PBXNativeTarget "SevofluraneThumbnail" */,
				0BAA000000000000000E000A /* Release configuration for PBXNativeTarget "SevofluraneThumbnail" */,
			);
			defaultConfigurationIsVisible = 0;
			defaultConfigurationName = Release;
		};
/* End XCConfigurationList section */

/* Begin XCRemoteSwiftPackageReference section */
		7A0000000000000000000001 /* XCRemoteSwiftPackageReference "Tiptoe" */ = {
			isa = XCRemoteSwiftPackageReference;
			repositoryURL = "https://github.com/artginzburg/Tiptoe";
			requirement = {
				kind = exactVersion;
				version = 1.1.0;
			};
			traits = (
				GitHubSupport,
			);
		};
		7B0000000000000000000001 /* XCRemoteSwiftPackageReference "propofol" */ = {
			isa = XCRemoteSwiftPackageReference;
			repositoryURL = "https://github.com/kageroumado/propofol.git";
			requirement = {
				kind = upToNextMajorVersion;
				minimumVersion = 0.2.1;
			};
		};
/* End XCRemoteSwiftPackageReference section */

/* Begin XCSwiftPackageProductDependency section */
		7A0000000000000000000002 /* TiptoeGitHub */ = {
			isa = XCSwiftPackageProductDependency;
			package = 7A0000000000000000000001 /* XCRemoteSwiftPackageReference "Tiptoe" */;
			productName = TiptoeGitHub;
		};
		7B0000000000000000000002 /* Propofol */ = {
			isa = XCSwiftPackageProductDependency;
			package = 7B0000000000000000000001 /* XCRemoteSwiftPackageReference "propofol" */;
			productName = Propofol;
		};
/* End XCSwiftPackageProductDependency section */
	};
	rootObject = 0B33EFD230290E5E00182A68 /* Project object */;
}
