// !$*UTF8*$!
{
	archiveVersion = 1;
	classes = {
	};
	objectVersion = 100;
	objects = {

/* Begin PBXBuildFile section */
		0B487987304107D0001CB276 /* Propofol in Frameworks */ = {isa = PBXBuildFile; productRef = 7B0000000000000000000002 /* Propofol */; };
		0B487988304107D0001CB276 /* TiptoeGitHub in Frameworks */ = {isa = PBXBuildFile; productRef = 7A0000000000000000000002 /* TiptoeGitHub */; };
/* End PBXBuildFile section */

/* Begin PBXContainerItemProxy section */
		0B33EFE830290E6100182A68 /* PBXContainerItemProxy */ = {
			isa = PBXContainerItemProxy;
			containerPortal = 0B33EFD230290E5E00182A68 /* Project object */;
			proxyType = 1;
			remoteGlobalIDString = 0B33EFD930290E5E00182A68;
			remoteInfo = Sevoflurane;
		};
/* End PBXContainerItemProxy section */

/* Begin PBXFileReference section */
		0B33EFDA30290E5E00182A68 /* Sevoflurane.app */ = {isa = PBXFileReference; explicitFileType = wrapper.application; includeInIndex = 0; path = Sevoflurane.app; sourceTree = BUILT_PRODUCTS_DIR; };
		0B33EFE730290E6100182A68 /* SevofluraneTests.xctest */ = {isa = PBXFileReference; explicitFileType = wrapper.cfbundle; includeInIndex = 0; path = SevofluraneTests.xctest; sourceTree = BUILT_PRODUCTS_DIR; };
/* End PBXFileReference section */

/* Begin PBXFileSystemSynchronizedBuildFileExceptionSet section */
		0BAA000000000000000A0001 /* Exceptions for "Sevoflurane" folder in "Sevoflurane" target */ = {
			isa = PBXFileSystemSynchronizedBuildFileExceptionSet;
			membershipExceptions = (
				Info.plist,
			);
			target = 0B33EFD930290E5E00182A68 /* Sevoflurane */;
		};
/* End PBXFileSystemSynchronizedBuildFileExceptionSet section */

/* Begin PBXFileSystemSynchronizedRootGroup section */
		0B33EFDC30290E5E00182A68 /* Sevoflurane */ = {
			isa = PBXFileSystemSynchronizedRootGroup;
			exceptions = (
				0BAA000000000000000A0001 /* Exceptions for "Sevoflurane" folder in "Sevoflurane" target */,
			);
			path = Sevoflurane;
			sourceTree = "<group>";
		};
		0B33EFEA30290E6100182A68 /* SevofluraneTests */ = {
			isa = PBXFileSystemSynchronizedRootGroup;
			path = SevofluraneTests;
			sourceTree = "<group>";
		};
/* End PBXFileSystemSynchronizedRootGroup section */

/* Begin PBXFrameworksBuildPhase section */
		0B33EFD730290E5E00182A68 /* Frameworks */ = {
			isa = PBXFrameworksBuildPhase;
			files = (
				0B487988304107D0001CB276 /* TiptoeGitHub in Frameworks */,
				0B487987304107D0001CB276 /* Propofol in Frameworks */,
			);
		};
		0B33EFE430290E6100182A68 /* Frameworks */ = {
			isa = PBXFrameworksBuildPhase;
			files = (
			);
		};
/* End PBXFrameworksBuildPhase section */

/* Begin PBXGroup section */
		0B33EFD130290E5E00182A68 = {
			isa = PBXGroup;
			children = (
				0B33EFDC30290E5E00182A68 /* Sevoflurane */,
				0B33EFEA30290E6100182A68 /* SevofluraneTests */,
				0B33EFDB30290E5E00182A68 /* Products */,
			);
			sourceTree = "<group>";
		};
		0B33EFDB30290E5E00182A68 /* Products */ = {
			isa = PBXGroup;
			children = (
				0B33EFDA30290E5E00182A68 /* Sevoflurane.app */,
				0B33EFE730290E6100182A68 /* SevofluraneTests.xctest */,
			);
			name = Products;
			sourceTree = "<group>";
		};
/* End PBXGroup section */

/* Begin PBXNativeTarget section */
		0B33EFD930290E5E00182A68 /* Sevoflurane */ = {
			isa = PBXNativeTarget;
			buildConfigurationList = 0B33EFFB30290E6100182A68 /* Build configuration list for PBXNativeTarget "Sevoflurane" */;
			buildPhases = (
				0B33EFD630290E5E00182A68 /* Sources */,
				0B33EFD730290E5E00182A68 /* Frameworks */,
				0B33EFD830290E5E00182A68 /* Resources */,
			);
			buildRules = (
			);
			fileSystemSynchronizedGroups = (
				0B33EFDC30290E5E00182A68 /* Sevoflurane */,
			);
			name = Sevoflurane;
			packageProductDependencies = (
				7B0000000000000000000002 /* Propofol */,
				7A0000000000000000000002 /* TiptoeGitHub */,
			);
			productName = Sevoflurane;
			productReference = 0B33EFDA30290E5E00182A68 /* Sevoflurane.app */;
			productType = "com.apple.product-type.application";
		};
		0B33EFE630290E6100182A68 /* SevofluraneTests */ = {
			isa = PBXNativeTarget;
			buildConfigurationList = 0B33EFFE30290E6100182A68 /* Build configuration list for PBXNativeTarget "SevofluraneTests" */;
			buildPhases = (
				0B33EFE330290E6100182A68 /* Sources */,
				0B33EFE430290E6100182A68 /* Frameworks */,
				0B33EFE530290E6100182A68 /* Resources */,
			);
			buildRules = (
			);
			dependencies = (
				0B33EFE930290E6100182A68 /* PBXTargetDependency */,
			);
			fileSystemSynchronizedGroups = (
				0B33EFEA30290E6100182A68 /* SevofluraneTests */,
			);
			name = SevofluraneTests;
			productName = SevofluraneTests;
			productReference = 0B33EFE730290E6100182A68 /* SevofluraneTests.xctest */;
			productType = "com.apple.product-type.bundle.unit-test";
		};
/* End PBXNativeTarget section */

/* Begin PBXProject section */
		0B33EFD230290E5E00182A68 /* Project object */ = {
			isa = PBXProject;
			attributes = {
				BuildIndependentTargetsInParallel = 1;
				LastSwiftUpdateCheck = 2660;
				LastUpgradeCheck = 2660;
				TargetAttributes = {
					0B33EFD930290E5E00182A68 = {
						CreatedOnToolsVersion = 26.6;
					};
					0B33EFE630290E6100182A68 = {
						CreatedOnToolsVersion = 26.6;
						TestTargetID = 0B33EFD930290E5E00182A68;
					};
				};
			};
			buildConfigurationList = 0B33EFD530290E5E00182A68 /* Build configuration list for PBXProject "Sevoflurane" */;
			developmentRegion = en;
			hasScannedForEncodings = 0;
			knownRegions = (
				en,
				Base,
			);
			mainGroup = 0B33EFD130290E5E00182A68;
			minimizedProjectReferenceProxies = 1;
			packageReferences = (
				7A0000000000000000000001 /* XCRemoteSwiftPackageReference "Tiptoe" */,
				7B0000000000000000000001 /* XCLocalSwiftPackageReference "../propofol" */,
			);
			preferredProjectObjectVersion = 77;
			productRefGroup = 0B33EFDB30290E5E00182A68 /* Products */;
			projectDirPath = "";
			projectRoot = "";
			targets = (
				0B33EFD930290E5E00182A68 /* Sevoflurane */,
				0B33EFE630290E6100182A68 /* SevofluraneTests */,
			);
		};
/* End PBXProject section */

/* Begin PBXResourcesBuildPhase section */
		0B33EFD830290E5E00182A68 /* Resources */ = {
			isa = PBXResourcesBuildPhase;
			files = (
			);
		};
		0B33EFE530290E6100182A68 /* Resources */ = {
			isa = PBXResourcesBuildPhase;
			files = (
			);
		};
/* End PBXResourcesBuildPhase section */

/* Begin PBXSourcesBuildPhase section */
		0B33EFD630290E5E00182A68 /* Sources */ = {
			isa = PBXSourcesBuildPhase;
			files = (
			);
		};
		0B33EFE330290E6100182A68 /* Sources */ = {
			isa = PBXSourcesBuildPhase;
			files = (
			);
		};
/* End PBXSourcesBuildPhase section */

/* Begin PBXTargetDependency section */
		0B33EFE930290E6100182A68 /* PBXTargetDependency */ = {
			isa = PBXTargetDependency;
			target = 0B33EFD930290E5E00182A68 /* Sevoflurane */;
			targetProxy = 0B33EFE830290E6100182A68 /* PBXContainerItemProxy */;
		};
/* End PBXTargetDependency section */

/* Begin XCBuildConfiguration section */
		0B33EFF930290E6100182A68 /* Debug configuration for PBXProject "Sevoflurane" */ = {
			isa = XCBuildConfiguration;
			buildSettings = {
				ALWAYS_SEARCH_USER_PATHS = NO;
				ASSETCATALOG_COMPILER_GENERATE_SWIFT_ASSET_SYMBOL_EXTENSIONS = YES;
				CLANG_ANALYZER_NONNULL = YES;
				CLANG_ANALYZER_NUMBER_OBJECT_CONVERSION = YES_AGGRESSIVE;
				CLANG_CXX_LANGUAGE_STANDARD = "gnu++20";
				CLANG_ENABLE_MODULES = YES;
				CLANG_ENABLE_OBJC_ARC = YES;
				CLANG_ENABLE_OBJC_WEAK = YES;
				CLANG_WARN_BLOCK_CAPTURE_AUTORELEASING = YES;
				CLANG_WARN_BOOL_CONVERSION = YES;
				CLANG_WARN_COMMA = YES;
				CLANG_WARN_CONSTANT_CONVERSION = YES;
				CLANG_WARN_DEPRECATED_OBJC_IMPLEMENTATIONS = YES;
				CLANG_WARN_DIRECT_OBJC_ISA_USAGE = YES_ERROR;
				CLANG_WARN_DOCUMENTATION_COMMENTS = YES;
				CLANG_WARN_EMPTY_BODY = YES;
				CLANG_WARN_ENUM_CONVERSION = YES;
				CLANG_WARN_INFINITE_RECURSION = YES;
				CLANG_WARN_INT_CONVERSION = YES;
				CLANG_WARN_NON_LITERAL_NULL_CONVERSION = YES;
				CLANG_WARN_OBJC_IMPLICIT_RETAIN_SELF = YES;
				CLANG_WARN_OBJC_LITERAL_CONVERSION = YES;
				CLANG_WARN_OBJC_ROOT_CLASS = YES_ERROR;
				CLANG_WARN_QUOTED_INCLUDE_IN_FRAMEWORK_HEADER = YES;
				CLANG_WARN_RANGE_LOOP_ANALYSIS = YES;
				CLANG_WARN_STRICT_PROTOTYPES = YES;
				CLANG_WARN_SUSPICIOUS_MOVE = YES;
				CLANG_WARN_UNGUARDED_AVAILABILITY = YES_AGGRESSIVE;
				CLANG_WARN_UNREACHABLE_CODE = YES;
				CLANG_WARN__DUPLICATE_METHOD_MATCH = YES;
				COPY_PHASE_STRIP = NO;
				DEBUG_INFORMATION_FORMAT = dwarf;
				DEVELOPMENT_TEAM = 52K336H235;
				ENABLE_STRICT_OBJC_MSGSEND = YES;
				ENABLE_TESTABILITY = YES;
				ENABLE_USER_SCRIPT_SANDBOXING = YES;
				GCC_C_LANGUAGE_STANDARD = gnu17;
				GCC_DYNAMIC_NO_PIC = NO;
				GCC_NO_COMMON_BLOCKS = YES;
				GCC_OPTIMIZATION_LEVEL = 0;
				GCC_PREPROCESSOR_DEFINITIONS = (
					"DEBUG=1",
					"$(inherited)",
				);
				GCC_WARN_64_TO_32_BIT_CONVERSION = YES;
				GCC_WARN_ABOUT_RETURN_TYPE = YES_ERROR;
				GCC_WARN_UNDECLARED_SELECTOR = YES;
				GCC_WARN_UNINITIALIZED_AUTOS = YES_AGGRESSIVE;
				GCC_WARN_UNUSED_FUNCTION = YES;
				GCC_WARN_UNUSED_VARIABLE = YES;
				LOCALIZATION_PREFERS_STRING_CATALOGS = YES;
				MACOSX_DEPLOYMENT_TARGET = 26.5;
				MTL_ENABLE_DEBUG_INFO = INCLUDE_SOURCE;
				MTL_FAST_MATH = YES;
				ONLY_ACTIVE_ARCH = YES;
				SDKROOT = macosx;
				SWIFT_ACTIVE_COMPILATION_CONDITIONS = "DEBUG $(inherited)";
				SWIFT_APPROACHABLE_CONCURRENCY = YES;
				SWIFT_OPTIMIZATION_LEVEL = "-Onone";
				SWIFT_STRICT_CONCURRENCY = complete;
				SWIFT_UPCOMING_FEATURE_CONCISE_MAGIC_FILE = YES;
				SWIFT_UPCOMING_FEATURE_DEPRECATE_APPLICATION_MAIN = YES;
				SWIFT_UPCOMING_FEATURE_DYNAMIC_ACTOR_ISOLATION = YES;
				SWIFT_UPCOMING_FEATURE_EXISTENTIAL_ANY = YES;
				SWIFT_UPCOMING_FEATURE_FORWARD_TRAILING_CLOSURES = YES;
				SWIFT_UPCOMING_FEATURE_GLOBAL_CONCURRENCY = YES;
				SWIFT_UPCOMING_FEATURE_IMPLICIT_OPEN_EXISTENTIALS = YES;
				SWIFT_UPCOMING_FEATURE_IMPORT_OBJC_FORWARD_DECLS = YES;
				SWIFT_UPCOMING_FEATURE_ISOLATED_DEFAULT_VALUES = YES;
				SWIFT_UPCOMING_FEATURE_NONFROZEN_ENUM_EXHAUSTIVITY = YES;
				SWIFT_UPCOMING_FEATURE_REGION_BASED_ISOLATION = YES;
				SWIFT_VERSION = 6.0;
			};
			name = Debug;
		};
		0B33EFFA30290E6100182A68 /* Release configuration for PBXProject "Sevoflurane" */ = {
			isa = XCBuildConfiguration;
			buildSettings = {
				ALWAYS_SEARCH_USER_PATHS = NO;
				ASSETCATALOG_COMPILER_GENERATE_SWIFT_ASSET_SYMBOL_EXTENSIONS = YES;
				CLANG_ANALYZER_NONNULL = YES;
				CLANG_ANALYZER_NUMBER_OBJECT_CONVERSION = YES_AGGRESSIVE;
				CLANG_CXX_LANGUAGE_STANDARD = "gnu++20";
				CLANG_ENABLE_MODULES = YES;
				CLANG_ENABLE_OBJC_ARC = YES;
				CLANG_ENABLE_OBJC_WEAK = YES;
				CLANG_WARN_BLOCK_CAPTURE_AUTORELEASING = YES;
				CLANG_WARN_BOOL_CONVERSION = YES;
				CLANG_WARN_COMMA = YES;
				CLANG_WARN_CONSTANT_CONVERSION = YES;
				CLANG_WARN_DEPRECATED_OBJC_IMPLEMENTATIONS = YES;
				CLANG_WARN_DIRECT_OBJC_ISA_USAGE = YES_ERROR;
				CLANG_WARN_DOCUMENTATION_COMMENTS = YES;
				CLANG_WARN_EMPTY_BODY = YES;
				CLANG_WARN_ENUM_CONVERSION = YES;
				CLANG_WARN_INFINITE_RECURSION = YES;
				CLANG_WARN_INT_CONVERSION = YES;
				CLANG_WARN_NON_LITERAL_NULL_CONVERSION = YES;
				CLANG_WARN_OBJC_IMPLICIT_RETAIN_SELF = YES;
				CLANG_WARN_OBJC_LITERAL_CONVERSION = YES;
				CLANG_WARN_OBJC_ROOT_CLASS = YES_ERROR;
				CLANG_WARN_QUOTED_INCLUDE_IN_FRAMEWORK_HEADER = YES;
				CLANG_WARN_RANGE_LOOP_ANALYSIS = YES;
				CLANG_WARN_STRICT_PROTOTYPES = YES;
				CLANG_WARN_SUSPICIOUS_MOVE = YES;
				CLANG_WARN_UNGUARDED_AVAILABILITY = YES_AGGRESSIVE;
				CLANG_WARN_UNREACHABLE_CODE = YES;
				CLANG_WARN__DUPLICATE_METHOD_MATCH = YES;
				COPY_PHASE_STRIP = NO;
				DEBUG_INFORMATION_FORMAT = "dwarf-with-dsym";
				DEVELOPMENT_TEAM = 52K336H235;
				ENABLE_NS_ASSERTIONS = NO;
				ENABLE_STRICT_OBJC_MSGSEND = YES;
				ENABLE_USER_SCRIPT_SANDBOXING = YES;
				GCC_C_LANGUAGE_STANDARD = gnu17;
				GCC_NO_COMMON_BLOCKS = YES;
				GCC_WARN_64_TO_32_BIT_CONVERSION = YES;
				GCC_WARN_ABOUT_RETURN_TYPE = YES_ERROR;
				GCC_WARN_UNDECLARED_SELECTOR = YES;
				GCC_WARN_UNINITIALIZED_AUTOS = YES_AGGRESSIVE;
				GCC_WARN_UNUSED_FUNCTION = YES;
				GCC_WARN_UNUSED_VARIABLE = YES;
				LOCALIZATION_PREFERS_STRING_CATALOGS = YES;
				MACOSX_DEPLOYMENT_TARGET = 26.5;
				MTL_ENABLE_DEBUG_INFO = NO;
				MTL_FAST_MATH = YES;
				SDKROOT = macosx;
				SWIFT_APPROACHABLE_CONCURRENCY = YES;
				SWIFT_COMPILATION_MODE = wholemodule;
				SWIFT_STRICT_CONCURRENCY = complete;
				SWIFT_UPCOMING_FEATURE_CONCISE_MAGIC_FILE = YES;
				SWIFT_UPCOMING_FEATURE_DEPRECATE_APPLICATION_MAIN = YES;
				SWIFT_UPCOMING_FEATURE_DYNAMIC_ACTOR_ISOLATION = YES;
				SWIFT_UPCOMING_FEATURE_EXISTENTIAL_ANY = YES;
				SWIFT_UPCOMING_FEATURE_FORWARD_TRAILING_CLOSURES = YES;
				SWIFT_UPCOMING_FEATURE_GLOBAL_CONCURRENCY = YES;
				SWIFT_UPCOMING_FEATURE_IMPLICIT_OPEN_EXISTENTIALS = YES;
				SWIFT_UPCOMING_FEATURE_IMPORT_OBJC_FORWARD_DECLS = YES;
				SWIFT_UPCOMING_FEATURE_ISOLATED_DEFAULT_VALUES = YES;
				SWIFT_UPCOMING_FEATURE_NONFROZEN_ENUM_EXHAUSTIVITY = YES;
				SWIFT_UPCOMING_FEATURE_REGION_BASED_ISOLATION = YES;
				SWIFT_VERSION = 6.0;
			};
			name = Release;
		};
		0B33EFFC30290E6100182A68 /* Debug configuration for PBXNativeTarget "Sevoflurane" */ = {
			isa = XCBuildConfiguration;
			buildSettings = {
				ASSETCATALOG_COMPILER_APPICON_NAME = Sevoflurane;
				ASSETCATALOG_COMPILER_GLOBAL_ACCENT_COLOR_NAME = AccentColor;
				CODE_SIGN_STYLE = Automatic;
				COMBINE_HIDPI_IMAGES = YES;
				CURRENT_PROJECT_VERSION = 2;
				DEVELOPMENT_TEAM = 52K336H235;
				ENABLE_APP_SANDBOX = NO;
				ENABLE_HARDENED_RUNTIME = YES;
				ENABLE_PREVIEWS = NO;
				GENERATE_INFOPLIST_FILE = YES;
				INFOPLIST_FILE = Sevoflurane/Info.plist;
				INFOPLIST_KEY_LSUIElement = YES;
				INFOPLIST_KEY_NSHumanReadableCopyright = "";
				LD_RUNPATH_SEARCH_PATHS = (
					"$(inherited)",
					"@executable_path/../Frameworks",
				);
				LM_SKIP_METADATA_EXTRACTION = YES;
				MARKETING_VERSION = 1.0;
				PRODUCT_BUNDLE_IDENTIFIER = glass.kagerou.sevoflurane;
				PRODUCT_NAME = "$(TARGET_NAME)";
				REGISTER_APP_GROUPS = YES;
				STRING_CATALOG_GENERATE_SYMBOLS = YES;
				SWIFT_APPROACHABLE_CONCURRENCY = YES;
				SWIFT_DEFAULT_ACTOR_ISOLATION = MainActor;
				SWIFT_EMIT_LOC_STRINGS = YES;
				SWIFT_UPCOMING_FEATURE_MEMBER_IMPORT_VISIBILITY = YES;
			};
			name = Debug;
		};
		0B33EFFD30290E6100182A68 /* Release configuration for PBXNativeTarget "Sevoflurane" */ = {
			isa = XCBuildConfiguration;
			buildSettings = {
				ASSETCATALOG_COMPILER_APPICON_NAME = Sevoflurane;
				ASSETCATALOG_COMPILER_GLOBAL_ACCENT_COLOR_NAME = AccentColor;
				CODE_SIGN_STYLE = Automatic;
				COMBINE_HIDPI_IMAGES = YES;
				CURRENT_PROJECT_VERSION = 2;
				DEVELOPMENT_TEAM = 52K336H235;
				ENABLE_APP_SANDBOX = NO;
				ENABLE_HARDENED_RUNTIME = YES;
				ENABLE_PREVIEWS = NO;
				GENERATE_INFOPLIST_FILE = YES;
				INFOPLIST_FILE = Sevoflurane/Info.plist;
				INFOPLIST_KEY_LSUIElement = YES;
				INFOPLIST_KEY_NSHumanReadableCopyright = "";
				LD_RUNPATH_SEARCH_PATHS = (
					"$(inherited)",
					"@executable_path/../Frameworks",
				);
				LM_SKIP_METADATA_EXTRACTION = YES;
				MARKETING_VERSION = 1.0;
				PRODUCT_BUNDLE_IDENTIFIER = glass.kagerou.sevoflurane;
				PRODUCT_NAME = "$(TARGET_NAME)";
				REGISTER_APP_GROUPS = YES;
				STRING_CATALOG_GENERATE_SYMBOLS = YES;
				SWIFT_APPROACHABLE_CONCURRENCY = YES;
				SWIFT_DEFAULT_ACTOR_ISOLATION = MainActor;
				SWIFT_EMIT_LOC_STRINGS = YES;
				SWIFT_UPCOMING_FEATURE_MEMBER_IMPORT_VISIBILITY = YES;
			};
			name = Release;
		};
		0B33EFFF30290E6100182A68 /* Debug configuration for PBXNativeTarget "SevofluraneTests" */ = {
			isa = XCBuildConfiguration;
			buildSettings = {
				BUNDLE_LOADER = "$(TEST_HOST)";
				CODE_SIGN_STYLE = Automatic;
				CURRENT_PROJECT_VERSION = 2;
				DEVELOPMENT_TEAM = 52K336H235;
				GENERATE_INFOPLIST_FILE = YES;
				LM_SKIP_METADATA_EXTRACTION = YES;
				MACOSX_DEPLOYMENT_TARGET = 26.5;
				MARKETING_VERSION = 1.0;
				PRODUCT_BUNDLE_IDENTIFIER = glass.kagerou.sevoflurane.tests;
				PRODUCT_NAME = "$(TARGET_NAME)";
				STRING_CATALOG_GENERATE_SYMBOLS = NO;
				SWIFT_APPROACHABLE_CONCURRENCY = YES;
				SWIFT_EMIT_LOC_STRINGS = NO;
				SWIFT_UPCOMING_FEATURE_MEMBER_IMPORT_VISIBILITY = YES;
				TEST_HOST = "$(BUILT_PRODUCTS_DIR)/Sevoflurane.app/$(BUNDLE_EXECUTABLE_FOLDER_PATH)/Sevoflurane";
			};
			name = Debug;
		};
		0B33F00030290E6100182A68 /* Release configuration for PBXNativeTarget "SevofluraneTests" */ = {
			isa = XCBuildConfiguration;
			buildSettings = {
				BUNDLE_LOADER = "$(TEST_HOST)";
				CODE_SIGN_STYLE = Automatic;
				CURRENT_PROJECT_VERSION = 2;
				DEVELOPMENT_TEAM = 52K336H235;
				GENERATE_INFOPLIST_FILE = YES;
				LM_SKIP_METADATA_EXTRACTION = YES;
				MACOSX_DEPLOYMENT_TARGET = 26.5;
				MARKETING_VERSION = 1.0;
				PRODUCT_BUNDLE_IDENTIFIER = glass.kagerou.sevoflurane.tests;
				PRODUCT_NAME = "$(TARGET_NAME)";
				STRING_CATALOG_GENERATE_SYMBOLS = NO;
				SWIFT_APPROACHABLE_CONCURRENCY = YES;
				SWIFT_EMIT_LOC_STRINGS = NO;
				SWIFT_UPCOMING_FEATURE_MEMBER_IMPORT_VISIBILITY = YES;
				TEST_HOST = "$(BUILT_PRODUCTS_DIR)/Sevoflurane.app/$(BUNDLE_EXECUTABLE_FOLDER_PATH)/Sevoflurane";
			};
			name = Release;
		};
/* End XCBuildConfiguration section */

/* Begin XCConfigurationList section */
		0B33EFD530290E5E00182A68 /* Build configuration list for PBXProject "Sevoflurane" */ = {
			isa = XCConfigurationList;
			buildConfigurations = (
				0B33EFF930290E6100182A68 /* Debug configuration for PBXProject "Sevoflurane" */,
				0B33EFFA30290E6100182A68 /* Release configuration for PBXProject "Sevoflurane" */,
			);
			defaultConfigurationName = Release;
		};
		0B33EFFB30290E6100182A68 /* Build configuration list for PBXNativeTarget "Sevoflurane" */ = {
			isa = XCConfigurationList;
			buildConfigurations = (
				0B33EFFC30290E6100182A68 /* Debug configuration for PBXNativeTarget "Sevoflurane" */,
				0B33EFFD30290E6100182A68 /* Release configuration for PBXNativeTarget "Sevoflurane" */,
			);
			defaultConfigurationName = Release;
		};
		0B33EFFE30290E6100182A68 /* Build configuration list for PBXNativeTarget "SevofluraneTests" */ = {
			isa = XCConfigurationList;
			buildConfigurations = (
				0B33EFFF30290E6100182A68 /* Debug configuration for PBXNativeTarget "SevofluraneTests" */,
				0B33F00030290E6100182A68 /* Release configuration for PBXNativeTarget "SevofluraneTests" */,
			);
			defaultConfigurationName = Release;
		};
/* End XCConfigurationList section */

/* Begin XCLocalSwiftPackageReference section */
		7B0000000000000000000001 /* XCLocalSwiftPackageReference "../propofol" */ = {
			isa = XCLocalSwiftPackageReference;
			relativePath = ../propofol;
		};
/* End XCLocalSwiftPackageReference section */

/* Begin XCRemoteSwiftPackageReference section */
		7A0000000000000000000001 /* XCRemoteSwiftPackageReference "Tiptoe" */ = {
			isa = XCRemoteSwiftPackageReference;
			repositoryURL = "https://github.com/artginzburg/Tiptoe";
			requirement = {
				kind = exactVersion;
				version = 1.1.0;
			};
			traits = (
				GitHubSupport,
			);
		};
/* End XCRemoteSwiftPackageReference section */

/* Begin XCSwiftPackageProductDependency section */
		7A0000000000000000000002 /* TiptoeGitHub */ = {
			isa = XCSwiftPackageProductDependency;
			package = 7A0000000000000000000001 /* XCRemoteSwiftPackageReference "Tiptoe" */;
			productName = TiptoeGitHub;
		};
		7B0000000000000000000002 /* Propofol */ = {
			isa = XCSwiftPackageProductDependency;
			package = 7B0000000000000000000001 /* XCLocalSwiftPackageReference "../propofol" */;
			productName = Propofol;
		};
/* End XCSwiftPackageProductDependency section */
	};
	rootObject = 0B33EFD230290E5E00182A68 /* Project object */;
}
