{
  "originHash" : "432c697429efd5307b5240b180af5a4bd63757ede3e28821131f2e21639306a5",
  "pins" : [
    {
      "identity" : "appupdater",
      "kind" : "remoteSourceControl",
      "location" : "https://github.com/mxcl/AppUpdater",
      "state" : {
        "revision" : "5898041575a7a8ed5d44e7d31251156b3d463677",
        "version" : "4.1.1"
      }
    },
    {
      "identity" : "propofol",
      "kind" : "remoteSourceControl",
      "location" : "https://github.com/kageroumado/propofol.git",
      "state" : {
        "revision" : "eac9055ca7373fa94aa5b9b501f3a83b3dc1ef80",
        "version" : "0.2.1"
      }
    },
    {
      "identity" : "tiptoe",
      "kind" : "remoteSourceControl",
      "location" : "https://github.com/artginzburg/Tiptoe",
      "state" : {
        "revision" : "a48f105192e28ac2b16ae01d9de16dbb5ffc39c3",
        "version" : "1.1.0"
      }
    },
    {
      "identity" : "version",
      "kind" : "remoteSourceControl",
      "location" : "https://github.com/mxcl/Version",
      "state" : {
        "revision" : "3043fcd2a50375db76d89ff206a612471833d1c2",
        "version" : "2.2.1"
      }
    }
  ],
  "version" : 3
}
